
Microsoft Visual Studio Solution File, Format Version 12.00
# Visual Studio Version 16
VisualStudioVersion = 16.0.29806.167
MinimumVisualStudioVersion = 10.0.40219.1
Project("{9A19103F-16F7-4668-BE54-9A1E7A4F7556}") = "AuthenticationAPIService", "AuthenticationService\AuthenticationAPIService.csproj", "{FD8D7F11-D0F4-4720-8CB8-E04B7FEA2914}"
EndProject
Project("{9A19103F-16F7-4668-BE54-9A1E7A4F7556}") = "ParameterAPIService", "ParameterService\ParameterAPIService.csproj", "{59A8CD5F-193F-4F86-8694-AAE0AE1ED352}"
EndProject
Project("{9A19103F-16F7-4668-BE54-9A1E7A4F7556}") = "CIFAPIService", "CIFService\CIFAPIService.csproj", "{593DBE98-92FE-4A22-B8FE-3F85E4743209}"
EndProject
Project("{9A19103F-16F7-4668-BE54-9A1E7A4F7556}") = "FATCAAPIService", "FATCAService\FATCAAPIService.csproj", "{8BFD7925-4671-48E2-9F02-6A9C03CA8242}"
EndProject
Project("{9A19103F-16F7-4668-BE54-9A1E7A4F7556}") = "DisclosureAPIService", "DisclosureService\DisclosureAPIService.csproj", "{80C3FC80-3ECC-494F-A221-3CCB5F5045C7}"
EndProject
Project("{9A19103F-16F7-4668-BE54-9A1E7A4F7556}") = "AMLOAPIService", "AMLOService\AMLOAPIService.csproj", "{77FCFF7F-396D-4BD0-B7A6-16635AD4E1C6}"
EndProject
Project("{9A19103F-16F7-4668-BE54-9A1E7A4F7556}") = "DOPAAPIService", "DOPAService\DOPAAPIService.csproj", "{24330FAE-A037-4073-930B-A5893A921BDD}"
EndProject
Project("{9A19103F-16F7-4668-BE54-9A1E7A4F7556}") = "KYCAPIService", "KYCService\KYCAPIService.csproj", "{B6412E7D-AE66-4A95-AAE7-52A66DAD01B6}"
EndProject
Project("{9A19103F-16F7-4668-BE54-9A1E7A4F7556}") = "GatewayAPIService", "APIGatewayService\GatewayAPIService.csproj", "{EE96144D-00C7-4DAA-914E-4C2B342977AB}"
EndProject
Project("{2150E333-8FDC-42A3-9474-1A3956D46DE8}") = "API", "API", "{5DBEEE69-7503-4EB6-B75E-87071BAB8380}"
EndProject
Project("{2150E333-8FDC-42A3-9474-1A3956D46DE8}") = "Data", "Data", "{5350EA1F-05A3-4EEC-93E3-85E0F697D452}"
EndProject
Project("{9A19103F-16F7-4668-BE54-9A1E7A4F7556}") = "DataAccess", "DataAccess\DataAccess.csproj", "{7640A3A6-0DE4-417E-8499-FDBF0D52E1B9}"
EndProject
Project("{FAE04EC0-301F-11D3-BF4B-00C04F79EFBC}") = "iSeriesAPIService", "iSeriesAPIService\iSeriesAPIService.csproj", "{30E695E6-FBD9-48AE-85C0-1196D4F30C82}"
EndProject
Project("{FAE04EC0-301F-11D3-BF4B-00C04F79EFBC}") = "iSeriesDataAccess", "iSeriesDataAccess\iSeriesDataAccess.csproj", "{77A72326-6ED9-48F4-B7A5-A3AB63C2FA3C}"
EndProject
Global
	GlobalSection(SolutionConfigurationPlatforms) = preSolution
		Debug|Any CPU = Debug|Any CPU
		Release|Any CPU = Release|Any CPU
	EndGlobalSection
	GlobalSection(ProjectConfigurationPlatforms) = postSolution
		{FD8D7F11-D0F4-4720-8CB8-E04B7FEA2914}.Debug|Any CPU.ActiveCfg = Debug|Any CPU
		{FD8D7F11-D0F4-4720-8CB8-E04B7FEA2914}.Debug|Any CPU.Build.0 = Debug|Any CPU
		{FD8D7F11-D0F4-4720-8CB8-E04B7FEA2914}.Release|Any CPU.ActiveCfg = Release|Any CPU
		{FD8D7F11-D0F4-4720-8CB8-E04B7FEA2914}.Release|Any CPU.Build.0 = Release|Any CPU
		{59A8CD5F-193F-4F86-8694-AAE0AE1ED352}.Debug|Any CPU.ActiveCfg = Debug|Any CPU
		{59A8CD5F-193F-4F86-8694-AAE0AE1ED352}.Debug|Any CPU.Build.0 = Debug|Any CPU
		{59A8CD5F-193F-4F86-8694-AAE0AE1ED352}.Release|Any CPU.ActiveCfg = Release|Any CPU
		{59A8CD5F-193F-4F86-8694-AAE0AE1ED352}.Release|Any CPU.Build.0 = Release|Any CPU
		{593DBE98-92FE-4A22-B8FE-3F85E4743209}.Debug|Any CPU.ActiveCfg = Debug|Any CPU
		{593DBE98-92FE-4A22-B8FE-3F85E4743209}.Debug|Any CPU.Build.0 = Debug|Any CPU
		{593DBE98-92FE-4A22-B8FE-3F85E4743209}.Release|Any CPU.ActiveCfg = Release|Any CPU
		{593DBE98-92FE-4A22-B8FE-3F85E4743209}.Release|Any CPU.Build.0 = Release|Any CPU
		{8BFD7925-4671-48E2-9F02-6A9C03CA8242}.Debug|Any CPU.ActiveCfg = Debug|Any CPU
		{8BFD7925-4671-48E2-9F02-6A9C03CA8242}.Debug|Any CPU.Build.0 = Debug|Any CPU
		{8BFD7925-4671-48E2-9F02-6A9C03CA8242}.Release|Any CPU.ActiveCfg = Release|Any CPU
		{8BFD7925-4671-48E2-9F02-6A9C03CA8242}.Release|Any CPU.Build.0 = Release|Any CPU
		{80C3FC80-3ECC-494F-A221-3CCB5F5045C7}.Debug|Any CPU.ActiveCfg = Debug|Any CPU
		{80C3FC80-3ECC-494F-A221-3CCB5F5045C7}.Debug|Any CPU.Build.0 = Debug|Any CPU
		{80C3FC80-3ECC-494F-A221-3CCB5F5045C7}.Release|Any CPU.ActiveCfg = Release|Any CPU
		{80C3FC80-3ECC-494F-A221-3CCB5F5045C7}.Release|Any CPU.Build.0 = Release|Any CPU
		{77FCFF7F-396D-4BD0-B7A6-16635AD4E1C6}.Debug|Any CPU.ActiveCfg = Debug|Any CPU
		{77FCFF7F-396D-4BD0-B7A6-16635AD4E1C6}.Debug|Any CPU.Build.0 = Debug|Any CPU
		{77FCFF7F-396D-4BD0-B7A6-16635AD4E1C6}.Release|Any CPU.ActiveCfg = Release|Any CPU
		{77FCFF7F-396D-4BD0-B7A6-16635AD4E1C6}.Release|Any CPU.Build.0 = Release|Any CPU
		{24330FAE-A037-4073-930B-A5893A921BDD}.Debug|Any CPU.ActiveCfg = Debug|Any CPU
		{24330FAE-A037-4073-930B-A5893A921BDD}.Debug|Any CPU.Build.0 = Debug|Any CPU
		{24330FAE-A037-4073-930B-A5893A921BDD}.Release|Any CPU.ActiveCfg = Release|Any CPU
		{24330FAE-A037-4073-930B-A5893A921BDD}.Release|Any CPU.Build.0 = Release|Any CPU
		{B6412E7D-AE66-4A95-AAE7-52A66DAD01B6}.Debug|Any CPU.ActiveCfg = Debug|Any CPU
		{B6412E7D-AE66-4A95-AAE7-52A66DAD01B6}.Debug|Any CPU.Build.0 = Debug|Any CPU
		{B6412E7D-AE66-4A95-AAE7-52A66DAD01B6}.Release|Any CPU.ActiveCfg = Release|Any CPU
		{B6412E7D-AE66-4A95-AAE7-52A66DAD01B6}.Release|Any CPU.Build.0 = Release|Any CPU
		{EE96144D-00C7-4DAA-914E-4C2B342977AB}.Debug|Any CPU.ActiveCfg = Debug|Any CPU
		{EE96144D-00C7-4DAA-914E-4C2B342977AB}.Debug|Any CPU.Build.0 = Debug|Any CPU
		{EE96144D-00C7-4DAA-914E-4C2B342977AB}.Release|Any CPU.ActiveCfg = Release|Any CPU
		{EE96144D-00C7-4DAA-914E-4C2B342977AB}.Release|Any CPU.Build.0 = Release|Any CPU
		{7640A3A6-0DE4-417E-8499-FDBF0D52E1B9}.Debug|Any CPU.ActiveCfg = Debug|Any CPU
		{7640A3A6-0DE4-417E-8499-FDBF0D52E1B9}.Debug|Any CPU.Build.0 = Debug|Any CPU
		{7640A3A6-0DE4-417E-8499-FDBF0D52E1B9}.Release|Any CPU.ActiveCfg = Release|Any CPU
		{7640A3A6-0DE4-417E-8499-FDBF0D52E1B9}.Release|Any CPU.Build.0 = Release|Any CPU
		{30E695E6-FBD9-48AE-85C0-1196D4F30C82}.Debug|Any CPU.ActiveCfg = Debug|Any CPU
		{30E695E6-FBD9-48AE-85C0-1196D4F30C82}.Debug|Any CPU.Build.0 = Debug|Any CPU
		{30E695E6-FBD9-48AE-85C0-1196D4F30C82}.Release|Any CPU.ActiveCfg = Release|Any CPU
		{30E695E6-FBD9-48AE-85C0-1196D4F30C82}.Release|Any CPU.Build.0 = Release|Any CPU
		{77A72326-6ED9-48F4-B7A5-A3AB63C2FA3C}.Debug|Any CPU.ActiveCfg = Debug|Any CPU
		{77A72326-6ED9-48F4-B7A5-A3AB63C2FA3C}.Debug|Any CPU.Build.0 = Debug|Any CPU
		{77A72326-6ED9-48F4-B7A5-A3AB63C2FA3C}.Release|Any CPU.ActiveCfg = Release|Any CPU
		{77A72326-6ED9-48F4-B7A5-A3AB63C2FA3C}.Release|Any CPU.Build.0 = Release|Any CPU
	EndGlobalSection
	GlobalSection(SolutionProperties) = preSolution
		HideSolutionNode = FALSE
	EndGlobalSection
	GlobalSection(NestedProjects) = preSolution
		{FD8D7F11-D0F4-4720-8CB8-E04B7FEA2914} = {5DBEEE69-7503-4EB6-B75E-87071BAB8380}
		{59A8CD5F-193F-4F86-8694-AAE0AE1ED352} = {5DBEEE69-7503-4EB6-B75E-87071BAB8380}
		{593DBE98-92FE-4A22-B8FE-3F85E4743209} = {5DBEEE69-7503-4EB6-B75E-87071BAB8380}
		{8BFD7925-4671-48E2-9F02-6A9C03CA8242} = {5DBEEE69-7503-4EB6-B75E-87071BAB8380}
		{80C3FC80-3ECC-494F-A221-3CCB5F5045C7} = {5DBEEE69-7503-4EB6-B75E-87071BAB8380}
		{77FCFF7F-396D-4BD0-B7A6-16635AD4E1C6} = {5DBEEE69-7503-4EB6-B75E-87071BAB8380}
		{24330FAE-A037-4073-930B-A5893A921BDD} = {5DBEEE69-7503-4EB6-B75E-87071BAB8380}
		{B6412E7D-AE66-4A95-AAE7-52A66DAD01B6} = {5DBEEE69-7503-4EB6-B75E-87071BAB8380}
		{EE96144D-00C7-4DAA-914E-4C2B342977AB} = {5DBEEE69-7503-4EB6-B75E-87071BAB8380}
		{7640A3A6-0DE4-417E-8499-FDBF0D52E1B9} = {5350EA1F-05A3-4EEC-93E3-85E0F697D452}
		{30E695E6-FBD9-48AE-85C0-1196D4F30C82} = {5DBEEE69-7503-4EB6-B75E-87071BAB8380}
		{77A72326-6ED9-48F4-B7A5-A3AB63C2FA3C} = {5350EA1F-05A3-4EEC-93E3-85E0F697D452}
	EndGlobalSection
	GlobalSection(ExtensibilityGlobals) = postSolution
		SolutionGuid = {60AED03C-DE68-418C-B2F4-79FC49309665}
	EndGlobalSection
EndGlobal
