
Microsoft Visual Studio Solution File, Format Version 12.00
# Visual Studio Version 16
VisualStudioVersion = 16.0.29806.167
MinimumVisualStudioVersion = 10.0.40219.1
Project("{9A19103F-16F7-4668-BE54-9A1E7A4F7556}") = "AuthenticationAPIService", "AuthenticationService\AuthenticationAPIService.csproj", "{FD8D7F11-D0F4-4720-8CB8-E04B7FEA2914}"
EndProject
Project("{9A19103F-16F7-4668-BE54-9A1E7A4F7556}") = "GatewayAPIService", "APIGatewayService\GatewayAPIService.csproj", "{EE96144D-00C7-4DAA-914E-4C2B342977AB}"
EndProject
Project("{2150E333-8FDC-42A3-9474-1A3956D46DE8}") = "API", "API", "{5DBEEE69-7503-4EB6-B75E-87071BAB8380}"
EndProject
Project("{2150E333-8FDC-42A3-9474-1A3956D46DE8}") = "Data", "Data", "{5350EA1F-05A3-4EEC-93E3-85E0F697D452}"
EndProject
Project("{FAE04EC0-301F-11D3-BF4B-00C04F79EFBC}") = "iSeriesDataAccess", "iSeriesDataAccess\iSeriesDataAccess.csproj", "{77A72326-6ED9-48F4-B7A5-A3AB63C2FA3C}"
EndProject
Project("{FAE04EC0-301F-11D3-BF4B-00C04F79EFBC}") = "CIFAPI", "CIFAPI\CIFAPI.csproj", "{7DF3F186-471D-42A3-9CE8-DBE8B31D495E}"
EndProject
Project("{FAE04EC0-301F-11D3-BF4B-00C04F79EFBC}") = "FATCAAPI", "FATCAAPI\FATCAAPI.csproj", "{3DBFA0E7-BE7D-4865-80BD-2AF77819C2F6}"
EndProject
Project("{FAE04EC0-301F-11D3-BF4B-00C04F79EFBC}") = "KYCAPI", "KYCAPI\KYCAPI.csproj", "{CFC03FB2-0B7D-47BA-B838-DC92163395E4}"
EndProject
Project("{FAE04EC0-301F-11D3-BF4B-00C04F79EFBC}") = "DisclosureAPI", "DisclosureAPI\DisclosureAPI.csproj", "{B872702B-0CCC-4B04-8E8C-1B278E6BDC60}"
EndProject
Project("{FAE04EC0-301F-11D3-BF4B-00C04F79EFBC}") = "ParameterAPI", "ParameterAPI\ParameterAPI.csproj", "{30E695E6-FBD9-48AE-85C0-1196D4F30C82}"
EndProject
Project("{FAE04EC0-301F-11D3-BF4B-00C04F79EFBC}") = "MBaseAPI", "MBaseAPI\MBaseAPI.csproj", "{85386D8C-AB47-44B9-8656-8EA9EF8ACB13}"
EndProject
Project("{FAE04EC0-301F-11D3-BF4B-00C04F79EFBC}") = "MBaseAccess", "MBaseAccess\MBaseAccess.csproj", "{E18F6FAA-05EB-436F-B52F-26868253431D}"
EndProject
Project("{FAE04EC0-301F-11D3-BF4B-00C04F79EFBC}") = "SQLDataAccess", "SQLDataAccess\SQLDataAccess.csproj", "{F20BE7BB-F72C-4CF9-92E7-A1F5B0DDB440}"
EndProject
Project("{FAE04EC0-301F-11D3-BF4B-00C04F79EFBC}") = "SolutionUtility", "SolutionUtility\SolutionUtility.csproj", "{5244D46D-8317-430B-A7E4-22B9CAB8ED91}"
EndProject
Global
	GlobalSection(SolutionConfigurationPlatforms) = preSolution
		Debug|Any CPU = Debug|Any CPU
		Release|Any CPU = Release|Any CPU
	EndGlobalSection
	GlobalSection(ProjectConfigurationPlatforms) = postSolution
		{FD8D7F11-D0F4-4720-8CB8-E04B7FEA2914}.Debug|Any CPU.ActiveCfg = Debug|Any CPU
		{FD8D7F11-D0F4-4720-8CB8-E04B7FEA2914}.Debug|Any CPU.Build.0 = Debug|Any CPU
		{FD8D7F11-D0F4-4720-8CB8-E04B7FEA2914}.Release|Any CPU.ActiveCfg = Release|Any CPU
		{FD8D7F11-D0F4-4720-8CB8-E04B7FEA2914}.Release|Any CPU.Build.0 = Release|Any CPU
		{EE96144D-00C7-4DAA-914E-4C2B342977AB}.Debug|Any CPU.ActiveCfg = Debug|Any CPU
		{EE96144D-00C7-4DAA-914E-4C2B342977AB}.Debug|Any CPU.Build.0 = Debug|Any CPU
		{EE96144D-00C7-4DAA-914E-4C2B342977AB}.Release|Any CPU.ActiveCfg = Release|Any CPU
		{EE96144D-00C7-4DAA-914E-4C2B342977AB}.Release|Any CPU.Build.0 = Release|Any CPU
		{77A72326-6ED9-48F4-B7A5-A3AB63C2FA3C}.Debug|Any CPU.ActiveCfg = Debug|Any CPU
		{77A72326-6ED9-48F4-B7A5-A3AB63C2FA3C}.Debug|Any CPU.Build.0 = Debug|Any CPU
		{77A72326-6ED9-48F4-B7A5-A3AB63C2FA3C}.Release|Any CPU.ActiveCfg = Release|Any CPU
		{77A72326-6ED9-48F4-B7A5-A3AB63C2FA3C}.Release|Any CPU.Build.0 = Release|Any CPU
		{7DF3F186-471D-42A3-9CE8-DBE8B31D495E}.Debug|Any CPU.ActiveCfg = Debug|Any CPU
		{7DF3F186-471D-42A3-9CE8-DBE8B31D495E}.Debug|Any CPU.Build.0 = Debug|Any CPU
		{7DF3F186-471D-42A3-9CE8-DBE8B31D495E}.Release|Any CPU.ActiveCfg = Release|Any CPU
		{7DF3F186-471D-42A3-9CE8-DBE8B31D495E}.Release|Any CPU.Build.0 = Release|Any CPU
		{3DBFA0E7-BE7D-4865-80BD-2AF77819C2F6}.Debug|Any CPU.ActiveCfg = Debug|Any CPU
		{3DBFA0E7-BE7D-4865-80BD-2AF77819C2F6}.Debug|Any CPU.Build.0 = Debug|Any CPU
		{3DBFA0E7-BE7D-4865-80BD-2AF77819C2F6}.Release|Any CPU.ActiveCfg = Release|Any CPU
		{3DBFA0E7-BE7D-4865-80BD-2AF77819C2F6}.Release|Any CPU.Build.0 = Release|Any CPU
		{CFC03FB2-0B7D-47BA-B838-DC92163395E4}.Debug|Any CPU.ActiveCfg = Debug|Any CPU
		{CFC03FB2-0B7D-47BA-B838-DC92163395E4}.Debug|Any CPU.Build.0 = Debug|Any CPU
		{CFC03FB2-0B7D-47BA-B838-DC92163395E4}.Release|Any CPU.ActiveCfg = Release|Any CPU
		{CFC03FB2-0B7D-47BA-B838-DC92163395E4}.Release|Any CPU.Build.0 = Release|Any CPU
		{B872702B-0CCC-4B04-8E8C-1B278E6BDC60}.Debug|Any CPU.ActiveCfg = Debug|Any CPU
		{B872702B-0CCC-4B04-8E8C-1B278E6BDC60}.Debug|Any CPU.Build.0 = Debug|Any CPU
		{B872702B-0CCC-4B04-8E8C-1B278E6BDC60}.Release|Any CPU.ActiveCfg = Release|Any CPU
		{B872702B-0CCC-4B04-8E8C-1B278E6BDC60}.Release|Any CPU.Build.0 = Release|Any CPU
		{30E695E6-FBD9-48AE-85C0-1196D4F30C82}.Debug|Any CPU.ActiveCfg = Debug|Any CPU
		{30E695E6-FBD9-48AE-85C0-1196D4F30C82}.Debug|Any CPU.Build.0 = Debug|Any CPU
		{30E695E6-FBD9-48AE-85C0-1196D4F30C82}.Release|Any CPU.ActiveCfg = Release|Any CPU
		{30E695E6-FBD9-48AE-85C0-1196D4F30C82}.Release|Any CPU.Build.0 = Release|Any CPU
		{85386D8C-AB47-44B9-8656-8EA9EF8ACB13}.Debug|Any CPU.ActiveCfg = Debug|Any CPU
		{85386D8C-AB47-44B9-8656-8EA9EF8ACB13}.Debug|Any CPU.Build.0 = Debug|Any CPU
		{85386D8C-AB47-44B9-8656-8EA9EF8ACB13}.Release|Any CPU.ActiveCfg = Release|Any CPU
		{85386D8C-AB47-44B9-8656-8EA9EF8ACB13}.Release|Any CPU.Build.0 = Release|Any CPU
		{E18F6FAA-05EB-436F-B52F-26868253431D}.Debug|Any CPU.ActiveCfg = Debug|Any CPU
		{E18F6FAA-05EB-436F-B52F-26868253431D}.Debug|Any CPU.Build.0 = Debug|Any CPU
		{E18F6FAA-05EB-436F-B52F-26868253431D}.Release|Any CPU.ActiveCfg = Release|Any CPU
		{E18F6FAA-05EB-436F-B52F-26868253431D}.Release|Any CPU.Build.0 = Release|Any CPU
		{F20BE7BB-F72C-4CF9-92E7-A1F5B0DDB440}.Debug|Any CPU.ActiveCfg = Debug|Any CPU
		{F20BE7BB-F72C-4CF9-92E7-A1F5B0DDB440}.Debug|Any CPU.Build.0 = Debug|Any CPU
		{F20BE7BB-F72C-4CF9-92E7-A1F5B0DDB440}.Release|Any CPU.ActiveCfg = Release|Any CPU
		{F20BE7BB-F72C-4CF9-92E7-A1F5B0DDB440}.Release|Any CPU.Build.0 = Release|Any CPU
		{5244D46D-8317-430B-A7E4-22B9CAB8ED91}.Debug|Any CPU.ActiveCfg = Debug|Any CPU
		{5244D46D-8317-430B-A7E4-22B9CAB8ED91}.Debug|Any CPU.Build.0 = Debug|Any CPU
		{5244D46D-8317-430B-A7E4-22B9CAB8ED91}.Release|Any CPU.ActiveCfg = Release|Any CPU
		{5244D46D-8317-430B-A7E4-22B9CAB8ED91}.Release|Any CPU.Build.0 = Release|Any CPU
	EndGlobalSection
	GlobalSection(SolutionProperties) = preSolution
		HideSolutionNode = FALSE
	EndGlobalSection
	GlobalSection(NestedProjects) = preSolution
		{FD8D7F11-D0F4-4720-8CB8-E04B7FEA2914} = {5DBEEE69-7503-4EB6-B75E-87071BAB8380}
		{EE96144D-00C7-4DAA-914E-4C2B342977AB} = {5DBEEE69-7503-4EB6-B75E-87071BAB8380}
		{77A72326-6ED9-48F4-B7A5-A3AB63C2FA3C} = {5350EA1F-05A3-4EEC-93E3-85E0F697D452}
		{7DF3F186-471D-42A3-9CE8-DBE8B31D495E} = {5DBEEE69-7503-4EB6-B75E-87071BAB8380}
		{3DBFA0E7-BE7D-4865-80BD-2AF77819C2F6} = {5DBEEE69-7503-4EB6-B75E-87071BAB8380}
		{CFC03FB2-0B7D-47BA-B838-DC92163395E4} = {5DBEEE69-7503-4EB6-B75E-87071BAB8380}
		{B872702B-0CCC-4B04-8E8C-1B278E6BDC60} = {5DBEEE69-7503-4EB6-B75E-87071BAB8380}
		{30E695E6-FBD9-48AE-85C0-1196D4F30C82} = {5DBEEE69-7503-4EB6-B75E-87071BAB8380}
		{85386D8C-AB47-44B9-8656-8EA9EF8ACB13} = {5DBEEE69-7503-4EB6-B75E-87071BAB8380}
		{E18F6FAA-05EB-436F-B52F-26868253431D} = {5350EA1F-05A3-4EEC-93E3-85E0F697D452}
		{F20BE7BB-F72C-4CF9-92E7-A1F5B0DDB440} = {5350EA1F-05A3-4EEC-93E3-85E0F697D452}
		{5244D46D-8317-430B-A7E4-22B9CAB8ED91} = {5350EA1F-05A3-4EEC-93E3-85E0F697D452}
	EndGlobalSection
	GlobalSection(ExtensibilityGlobals) = postSolution
		SolutionGuid = {60AED03C-DE68-418C-B2F4-79FC49309665}
	EndGlobalSection
EndGlobal
